Microsoft Visual Studio Solution File, Format Version 11.00
# Visual Studio 2008

Project("{F5B5C28B-ECF7-FDB1-96E5-82B9D2AC64E5}") = "bored", "Assembly-CSharp-firstpass.csproj", "{99D125F1-4A11-08F5-36F2-23B8CC16DCD8}"
EndProject
Project("{F5B5C28B-ECF7-FDB1-96E5-82B9D2AC64E5}") = "bored", "Assembly-UnityScript-firstpass.unityproj", "{A5F151EC-09F3-22D3-5D5D-B2BF590CEC62}"
EndProject
Project("{F5B5C28B-ECF7-FDB1-96E5-82B9D2AC64E5}") = "bored", "Assembly-UnityScript.unityproj", "{18ABA931-2440-9DD5-F4EF-810557BAB8CE}"
EndProject
Project("{F5B5C28B-ECF7-FDB1-96E5-82B9D2AC64E5}") = "bored", "Assembly-UnityScript-Editor.unityproj", "{CF6D7849-DD7E-F2D0-D1D8-F6D9F541A0A7}"
EndProject
Global
	GlobalSection(SolutionConfigurationPlatforms) = preSolution
		Debug|Any CPU = Debug|Any CPU
		Release|Any CPU = Release|Any CPU
	EndGlobalSection
	GlobalSection(ProjectConfigurationPlatforms) = postSolution
		{99D125F1-4A11-08F5-36F2-23B8CC16DCD8}.Debug|Any CPU.ActiveCfg = Debug|Any CPU
		{99D125F1-4A11-08F5-36F2-23B8CC16DCD8}.Debug|Any CPU.Build.0 = Debug|Any CPU
		{99D125F1-4A11-08F5-36F2-23B8CC16DCD8}.Release|Any CPU.ActiveCfg = Release|Any CPU
		{99D125F1-4A11-08F5-36F2-23B8CC16DCD8}.Release|Any CPU.Build.0 = Release|Any CPU
		{A5F151EC-09F3-22D3-5D5D-B2BF590CEC62}.Debug|Any CPU.ActiveCfg = Debug|Any CPU
		{A5F151EC-09F3-22D3-5D5D-B2BF590CEC62}.Debug|Any CPU.Build.0 = Debug|Any CPU
		{A5F151EC-09F3-22D3-5D5D-B2BF590CEC62}.Release|Any CPU.ActiveCfg = Release|Any CPU
		{A5F151EC-09F3-22D3-5D5D-B2BF590CEC62}.Release|Any CPU.Build.0 = Release|Any CPU
		{18ABA931-2440-9DD5-F4EF-810557BAB8CE}.Debug|Any CPU.ActiveCfg = Debug|Any CPU
		{18ABA931-2440-9DD5-F4EF-810557BAB8CE}.Debug|Any CPU.Build.0 = Debug|Any CPU
		{18ABA931-2440-9DD5-F4EF-810557BAB8CE}.Release|Any CPU.ActiveCfg = Release|Any CPU
		{18ABA931-2440-9DD5-F4EF-810557BAB8CE}.Release|Any CPU.Build.0 = Release|Any CPU
		{CF6D7849-DD7E-F2D0-D1D8-F6D9F541A0A7}.Debug|Any CPU.ActiveCfg = Debug|Any CPU
		{CF6D7849-DD7E-F2D0-D1D8-F6D9F541A0A7}.Debug|Any CPU.Build.0 = Debug|Any CPU
		{CF6D7849-DD7E-F2D0-D1D8-F6D9F541A0A7}.Release|Any CPU.ActiveCfg = Release|Any CPU
		{CF6D7849-DD7E-F2D0-D1D8-F6D9F541A0A7}.Release|Any CPU.Build.0 = Release|Any CPU
	EndGlobalSection
	GlobalSection(SolutionProperties) = preSolution
		HideSolutionNode = FALSE
	EndGlobalSection
													GlobalSection(MonoDevelopProperties) = preSolution
		StartupItem = Assembly-CSharp.csproj
		Policies = $0
		$0.TextStylePolicy = $1
		$1.inheritsSet = null
		$1.scope = text/x-csharp
		$0.CSharpFormattingPolicy = $2
		$2.inheritsSet = Mono
		$2.inheritsScope = text/x-csharp
		$2.scope = text/x-csharp
		$0.TextStylePolicy = $3
		$3.FileWidth = 120
		$3.TabWidth = 4
		$3.EolMarker = Unix
		$3.inheritsSet = Mono
		$3.inheritsScope = text/plain
		$3.scope = text/plain
	EndGlobalSection

EndGlobal
